
Microsoft Visual Studio Solution File, Format Version 12.00
# Visual Studio Version 16
VisualStudioVersion = 16.0.32228.343
MinimumVisualStudioVersion = 10.0.40219.1
Project("{FAE04EC0-301F-11D3-BF4B-00C04F79EFBC}") = "VCSPavasaris", "VCSPavasaris\VCSPavasaris.csproj", "{D2EA586C-7543-41CB-BFC7-A922CB959529}"
EndProject
Global
	GlobalSection(SolutionConfigurationPlatforms) = preSolution
		Debug|Any CPU = Debug|Any CPU
		Release|Any CPU = Release|Any CPU
	EndGlobalSection
	GlobalSection(ProjectConfigurationPlatforms) = postSolution
		{D2EA586C-7543-41CB-BFC7-A922CB959529}.Debug|Any CPU.ActiveCfg = Debug|Any CPU
		{D2EA586C-7543-41CB-BFC7-A922CB959529}.Debug|Any CPU.Build.0 = Debug|Any CPU
		{D2EA586C-7543-41CB-BFC7-A922CB959529}.Release|Any CPU.ActiveCfg = Release|Any CPU
		{D2EA586C-7543-41CB-BFC7-A922CB959529}.Release|Any CPU.Build.0 = Release|Any CPU
	EndGlobalSection
	GlobalSection(SolutionProperties) = preSolution
		HideSolutionNode = FALSE
	EndGlobalSection
	GlobalSection(ExtensibilityGlobals) = postSolution
		SolutionGuid = {655CE4AF-6194-427D-944C-32ECA739BDE4}
	EndGlobalSection
EndGlobal
